Microsoft Visual Studio Solution File, Format Version 12.00
# Visual Studio 2013
VisualStudioVersion = 12.0.40629.0
MinimumVisualStudioVersion = 10.0.40219.1
Project("{2150E333-8FDC-42A3-9474-1A3956D46DE8}") = "Client", "Client", "{DE52562D-9DF6-44ED-B142-34CF2A8FEDF6}"
EndProject
Project("{2150E333-8FDC-42A3-9474-1A3956D46DE8}") = "Infrastructure", "Infrastructure", "{D668B41C-B112-4BFC-80BA-B896C72955B2}"
EndProject
Project("{FAE04EC0-301F-11D3-BF4B-00C04F79EFBC}") = "HrMaxx.Infrastructure.Database", "Zion.Infrastructure.Database\HrMaxx.Infrastructure.Database.csproj", "{8FEEF20B-4E6E-4FD5-922E-404E52371E55}"
EndProject
Project("{FAE04EC0-301F-11D3-BF4B-00C04F79EFBC}") = "HrMaxx.Infrastructure", "Zion.Infrastructure\HrMaxx.Infrastructure.csproj", "{4BA8B656-2741-4474-AB09-537A93E879D2}"
EndProject
Project("{2150E333-8FDC-42A3-9474-1A3956D46DE8}") = "Solution Items", "Solution Items", "{F5E59BFA-5E34-42E7-9BB1-2298BC090D54}"
	ProjectSection(SolutionItems) = preProject
		Connections.config = Connections.config
		SolutionInfo.cs = SolutionInfo.cs
	EndProjectSection
EndProject
Project("{FAE04EC0-301F-11D3-BF4B-00C04F79EFBC}") = "HrMaxx.TestSupport", "Zion.TestSupport\HrMaxx.TestSupport.csproj", "{A155BF97-112C-40F7-96D2-F2FAFB19538E}"
EndProject
Project("{2150E333-8FDC-42A3-9474-1A3956D46DE8}") = ".nuget", ".nuget", "{3719468E-AD4F-4ACF-828A-436535EE13D2}"
	ProjectSection(SolutionItems) = preProject
		.nuget\NuGet.Config = .nuget\NuGet.Config
		.nuget\NuGet.exe = .nuget\NuGet.exe
		.nuget\NuGet.targets = .nuget\NuGet.targets
	EndProjectSection
EndProject
Project("{2150E333-8FDC-42A3-9474-1A3956D46DE8}") = "Stacks", "Stacks", "{13BCBE8D-F87D-4980-B176-F275A7A0FDA6}"
EndProject
Project("{2150E333-8FDC-42A3-9474-1A3956D46DE8}") = "Common", "Common", "{0B24738E-8223-402D-B02A-4DBF27598693}"
EndProject
Project("{FAE04EC0-301F-11D3-BF4B-00C04F79EFBC}") = "HrMaxx.Common.Services", "Zion.Common.Services\HrMaxx.Common.Services.csproj", "{26891EAA-7724-4A14-A7BE-4ED4B54A2F63}"
EndProject
Project("{FAE04EC0-301F-11D3-BF4B-00C04F79EFBC}") = "HrMaxx.Common.Contracts", "Zion.Common.Contracts\HrMaxx.Common.Contracts.csproj", "{577C20F5-FC4C-48F7-8CCA-F9D27998500A}"
EndProject
Project("{FAE04EC0-301F-11D3-BF4B-00C04F79EFBC}") = "HrMaxx.Common.Models", "Zion.Common.Models\HrMaxx.Common.Models.csproj", "{6B33E83D-006B-45AE-8657-9676568EC734}"
EndProject
Project("{FAE04EC0-301F-11D3-BF4B-00C04F79EFBC}") = "HrMaxx.Common.Repository", "Zion.Common.Repository\HrMaxx.Common.Repository.csproj", "{B8D8A327-C212-4021-B732-1AF84FF99ABF}"
EndProject
Project("{2150E333-8FDC-42A3-9474-1A3956D46DE8}") = "Tests", "Tests", "{FCEC8965-67A5-4B4A-BFC2-902184E8EBD7}"
EndProject
Project("{FAE04EC0-301F-11D3-BF4B-00C04F79EFBC}") = "HrMaxx.Common.Tests", "Zion.Common.Tests\HrMaxx.Common.Tests.csproj", "{877E7947-E9AD-4E81-B22C-21E55D16FDE1}"
EndProject
Project("{FAE04EC0-301F-11D3-BF4B-00C04F79EFBC}") = "HrMaxx.Common.IntegrationTests", "Zion.Common.IntegrationTests\HrMaxx.Common.IntegrationTests.csproj", "{DAD5C991-4A1E-4F1B-943D-894C3C82B5C4}"
EndProject
Project("{FAE04EC0-301F-11D3-BF4B-00C04F79EFBC}") = "HrMaxx.Bus", "Zion.Bus\HrMaxx.Bus.csproj", "{B2A5CFFE-F357-4687-AC08-3A005872E300}"
EndProject
Project("{FAE04EC0-301F-11D3-BF4B-00C04F79EFBC}") = "HrMaxxWeb", "HrMaxxWeb\HrMaxxWeb.csproj", "{233125B1-E390-45FA-B7AA-D63A569A03D6}"
EndProject
Project("{FAE04EC0-301F-11D3-BF4B-00C04F79EFBC}") = "HrMaxxAPI", "HrMaxxAPI\HrMaxxAPI.csproj", "{E57D9224-5B34-4CBC-8A00-47B00CBF4EBA}"
EndProject
Project("{2150E333-8FDC-42A3-9474-1A3956D46DE8}") = "OnlinePayroll", "OnlinePayroll", "{9464E643-893E-4882-ADC2-D72A4C04775D}"
EndProject
Project("{2150E333-8FDC-42A3-9474-1A3956D46DE8}") = "Tests", "Tests", "{4C335120-3047-4B73-9B91-FA76CF8FF8AC}"
EndProject
Project("{FAE04EC0-301F-11D3-BF4B-00C04F79EFBC}") = "HrMaxx.OnlinePayroll.Contracts", "HrMaxx.OnlinePayroll.Contracts\HrMaxx.OnlinePayroll.Contracts.csproj", "{58F29BB7-1C20-4138-8526-819454361B99}"
EndProject
Project("{FAE04EC0-301F-11D3-BF4B-00C04F79EFBC}") = "HrMaxx.OnlinePayroll.Models", "HrMaxx.OnlinePayroll.Models\HrMaxx.OnlinePayroll.Models.csproj", "{47DF73FF-0053-4E97-9477-06CE38AD3020}"
EndProject
Project("{FAE04EC0-301F-11D3-BF4B-00C04F79EFBC}") = "HrMaxx.OnlinePayroll.Repository", "HrMaxx.OnlinePayroll.Repository\HrMaxx.OnlinePayroll.Repository.csproj", "{519F5A7E-CB1B-4BFA-8DF5-441507365547}"
EndProject
Project("{FAE04EC0-301F-11D3-BF4B-00C04F79EFBC}") = "HrMaxx.OnlinePayroll.Services", "HrMaxx.OnlinePayroll.Services\HrMaxx.OnlinePayroll.Services.csproj", "{2177DB95-B80F-4356-BBA6-C089112C84CF}"
EndProject
Global
	GlobalSection(SolutionConfigurationPlatforms) = preSolution
		Debug|Any CPU = Debug|Any CPU
		Release|Any CPU = Release|Any CPU
	EndGlobalSection
	GlobalSection(ProjectConfigurationPlatforms) = postSolution
		{8FEEF20B-4E6E-4FD5-922E-404E52371E55}.Debug|Any CPU.ActiveCfg = Debug|Any CPU
		{8FEEF20B-4E6E-4FD5-922E-404E52371E55}.Debug|Any CPU.Build.0 = Debug|Any CPU
		{8FEEF20B-4E6E-4FD5-922E-404E52371E55}.Release|Any CPU.ActiveCfg = Release|Any CPU
		{8FEEF20B-4E6E-4FD5-922E-404E52371E55}.Release|Any CPU.Build.0 = Release|Any CPU
		{4BA8B656-2741-4474-AB09-537A93E879D2}.Debug|Any CPU.ActiveCfg = Debug|Any CPU
		{4BA8B656-2741-4474-AB09-537A93E879D2}.Debug|Any CPU.Build.0 = Debug|Any CPU
		{4BA8B656-2741-4474-AB09-537A93E879D2}.Release|Any CPU.ActiveCfg = Release|Any CPU
		{4BA8B656-2741-4474-AB09-537A93E879D2}.Release|Any CPU.Build.0 = Release|Any CPU
		{A155BF97-112C-40F7-96D2-F2FAFB19538E}.Debug|Any CPU.ActiveCfg = Debug|Any CPU
		{A155BF97-112C-40F7-96D2-F2FAFB19538E}.Debug|Any CPU.Build.0 = Debug|Any CPU
		{A155BF97-112C-40F7-96D2-F2FAFB19538E}.Release|Any CPU.ActiveCfg = Release|Any CPU
		{A155BF97-112C-40F7-96D2-F2FAFB19538E}.Release|Any CPU.Build.0 = Release|Any CPU
		{26891EAA-7724-4A14-A7BE-4ED4B54A2F63}.Debug|Any CPU.ActiveCfg = Debug|Any CPU
		{26891EAA-7724-4A14-A7BE-4ED4B54A2F63}.Debug|Any CPU.Build.0 = Debug|Any CPU
		{26891EAA-7724-4A14-A7BE-4ED4B54A2F63}.Release|Any CPU.ActiveCfg = Release|Any CPU
		{26891EAA-7724-4A14-A7BE-4ED4B54A2F63}.Release|Any CPU.Build.0 = Release|Any CPU
		{577C20F5-FC4C-48F7-8CCA-F9D27998500A}.Debug|Any CPU.ActiveCfg = Debug|Any CPU
		{577C20F5-FC4C-48F7-8CCA-F9D27998500A}.Debug|Any CPU.Build.0 = Debug|Any CPU
		{577C20F5-FC4C-48F7-8CCA-F9D27998500A}.Release|Any CPU.ActiveCfg = Release|Any CPU
		{577C20F5-FC4C-48F7-8CCA-F9D27998500A}.Release|Any CPU.Build.0 = Release|Any CPU
		{6B33E83D-006B-45AE-8657-9676568EC734}.Debug|Any CPU.ActiveCfg = Debug|Any CPU
		{6B33E83D-006B-45AE-8657-9676568EC734}.Debug|Any CPU.Build.0 = Debug|Any CPU
		{6B33E83D-006B-45AE-8657-9676568EC734}.Release|Any CPU.ActiveCfg = Release|Any CPU
		{6B33E83D-006B-45AE-8657-9676568EC734}.Release|Any CPU.Build.0 = Release|Any CPU
		{B8D8A327-C212-4021-B732-1AF84FF99ABF}.Debug|Any CPU.ActiveCfg = Debug|Any CPU
		{B8D8A327-C212-4021-B732-1AF84FF99ABF}.Debug|Any CPU.Build.0 = Debug|Any CPU
		{B8D8A327-C212-4021-B732-1AF84FF99ABF}.Release|Any CPU.ActiveCfg = Release|Any CPU
		{B8D8A327-C212-4021-B732-1AF84FF99ABF}.Release|Any CPU.Build.0 = Release|Any CPU
		{877E7947-E9AD-4E81-B22C-21E55D16FDE1}.Debug|Any CPU.ActiveCfg = Debug|Any CPU
		{877E7947-E9AD-4E81-B22C-21E55D16FDE1}.Debug|Any CPU.Build.0 = Debug|Any CPU
		{877E7947-E9AD-4E81-B22C-21E55D16FDE1}.Release|Any CPU.ActiveCfg = Release|Any CPU
		{877E7947-E9AD-4E81-B22C-21E55D16FDE1}.Release|Any CPU.Build.0 = Release|Any CPU
		{DAD5C991-4A1E-4F1B-943D-894C3C82B5C4}.Debug|Any CPU.ActiveCfg = Debug|Any CPU
		{DAD5C991-4A1E-4F1B-943D-894C3C82B5C4}.Debug|Any CPU.Build.0 = Debug|Any CPU
		{DAD5C991-4A1E-4F1B-943D-894C3C82B5C4}.Release|Any CPU.ActiveCfg = Release|Any CPU
		{DAD5C991-4A1E-4F1B-943D-894C3C82B5C4}.Release|Any CPU.Build.0 = Release|Any CPU
		{B2A5CFFE-F357-4687-AC08-3A005872E300}.Debug|Any CPU.ActiveCfg = Debug|Any CPU
		{B2A5CFFE-F357-4687-AC08-3A005872E300}.Debug|Any CPU.Build.0 = Debug|Any CPU
		{B2A5CFFE-F357-4687-AC08-3A005872E300}.Release|Any CPU.ActiveCfg = Release|Any CPU
		{B2A5CFFE-F357-4687-AC08-3A005872E300}.Release|Any CPU.Build.0 = Release|Any CPU
		{233125B1-E390-45FA-B7AA-D63A569A03D6}.Debug|Any CPU.ActiveCfg = Debug|Any CPU
		{233125B1-E390-45FA-B7AA-D63A569A03D6}.Debug|Any CPU.Build.0 = Debug|Any CPU
		{233125B1-E390-45FA-B7AA-D63A569A03D6}.Release|Any CPU.ActiveCfg = Release|Any CPU
		{233125B1-E390-45FA-B7AA-D63A569A03D6}.Release|Any CPU.Build.0 = Release|Any CPU
		{E57D9224-5B34-4CBC-8A00-47B00CBF4EBA}.Debug|Any CPU.ActiveCfg = Debug|Any CPU
		{E57D9224-5B34-4CBC-8A00-47B00CBF4EBA}.Debug|Any CPU.Build.0 = Debug|Any CPU
		{E57D9224-5B34-4CBC-8A00-47B00CBF4EBA}.Release|Any CPU.ActiveCfg = Release|Any CPU
		{E57D9224-5B34-4CBC-8A00-47B00CBF4EBA}.Release|Any CPU.Build.0 = Release|Any CPU
		{58F29BB7-1C20-4138-8526-819454361B99}.Debug|Any CPU.ActiveCfg = Debug|Any CPU
		{58F29BB7-1C20-4138-8526-819454361B99}.Debug|Any CPU.Build.0 = Debug|Any CPU
		{58F29BB7-1C20-4138-8526-819454361B99}.Release|Any CPU.ActiveCfg = Release|Any CPU
		{58F29BB7-1C20-4138-8526-819454361B99}.Release|Any CPU.Build.0 = Release|Any CPU
		{47DF73FF-0053-4E97-9477-06CE38AD3020}.Debug|Any CPU.ActiveCfg = Debug|Any CPU
		{47DF73FF-0053-4E97-9477-06CE38AD3020}.Debug|Any CPU.Build.0 = Debug|Any CPU
		{47DF73FF-0053-4E97-9477-06CE38AD3020}.Release|Any CPU.ActiveCfg = Release|Any CPU
		{47DF73FF-0053-4E97-9477-06CE38AD3020}.Release|Any CPU.Build.0 = Release|Any CPU
		{519F5A7E-CB1B-4BFA-8DF5-441507365547}.Debug|Any CPU.ActiveCfg = Debug|Any CPU
		{519F5A7E-CB1B-4BFA-8DF5-441507365547}.Debug|Any CPU.Build.0 = Debug|Any CPU
		{519F5A7E-CB1B-4BFA-8DF5-441507365547}.Release|Any CPU.ActiveCfg = Release|Any CPU
		{519F5A7E-CB1B-4BFA-8DF5-441507365547}.Release|Any CPU.Build.0 = Release|Any CPU
		{2177DB95-B80F-4356-BBA6-C089112C84CF}.Debug|Any CPU.ActiveCfg = Debug|Any CPU
		{2177DB95-B80F-4356-BBA6-C089112C84CF}.Debug|Any CPU.Build.0 = Debug|Any CPU
		{2177DB95-B80F-4356-BBA6-C089112C84CF}.Release|Any CPU.ActiveCfg = Release|Any CPU
		{2177DB95-B80F-4356-BBA6-C089112C84CF}.Release|Any CPU.Build.0 = Release|Any CPU
	EndGlobalSection
	GlobalSection(SolutionProperties) = preSolution
		HideSolutionNode = FALSE
	EndGlobalSection
	GlobalSection(NestedProjects) = preSolution
		{8FEEF20B-4E6E-4FD5-922E-404E52371E55} = {D668B41C-B112-4BFC-80BA-B896C72955B2}
		{4BA8B656-2741-4474-AB09-537A93E879D2} = {D668B41C-B112-4BFC-80BA-B896C72955B2}
		{A155BF97-112C-40F7-96D2-F2FAFB19538E} = {D668B41C-B112-4BFC-80BA-B896C72955B2}
		{0B24738E-8223-402D-B02A-4DBF27598693} = {13BCBE8D-F87D-4980-B176-F275A7A0FDA6}
		{26891EAA-7724-4A14-A7BE-4ED4B54A2F63} = {0B24738E-8223-402D-B02A-4DBF27598693}
		{577C20F5-FC4C-48F7-8CCA-F9D27998500A} = {0B24738E-8223-402D-B02A-4DBF27598693}
		{6B33E83D-006B-45AE-8657-9676568EC734} = {0B24738E-8223-402D-B02A-4DBF27598693}
		{B8D8A327-C212-4021-B732-1AF84FF99ABF} = {0B24738E-8223-402D-B02A-4DBF27598693}
		{FCEC8965-67A5-4B4A-BFC2-902184E8EBD7} = {0B24738E-8223-402D-B02A-4DBF27598693}
		{877E7947-E9AD-4E81-B22C-21E55D16FDE1} = {FCEC8965-67A5-4B4A-BFC2-902184E8EBD7}
		{DAD5C991-4A1E-4F1B-943D-894C3C82B5C4} = {FCEC8965-67A5-4B4A-BFC2-902184E8EBD7}
		{B2A5CFFE-F357-4687-AC08-3A005872E300} = {D668B41C-B112-4BFC-80BA-B896C72955B2}
		{233125B1-E390-45FA-B7AA-D63A569A03D6} = {DE52562D-9DF6-44ED-B142-34CF2A8FEDF6}
		{E57D9224-5B34-4CBC-8A00-47B00CBF4EBA} = {DE52562D-9DF6-44ED-B142-34CF2A8FEDF6}
		{9464E643-893E-4882-ADC2-D72A4C04775D} = {13BCBE8D-F87D-4980-B176-F275A7A0FDA6}
		{4C335120-3047-4B73-9B91-FA76CF8FF8AC} = {9464E643-893E-4882-ADC2-D72A4C04775D}
		{58F29BB7-1C20-4138-8526-819454361B99} = {9464E643-893E-4882-ADC2-D72A4C04775D}
		{47DF73FF-0053-4E97-9477-06CE38AD3020} = {9464E643-893E-4882-ADC2-D72A4C04775D}
		{519F5A7E-CB1B-4BFA-8DF5-441507365547} = {9464E643-893E-4882-ADC2-D72A4C04775D}
		{2177DB95-B80F-4356-BBA6-C089112C84CF} = {9464E643-893E-4882-ADC2-D72A4C04775D}
	EndGlobalSection
EndGlobal
